// !$*UTF8*$!
{
	archiveVersion = 1;
	classes = {
	};
	objectVersion = 56;
	objects = {

/* Begin PBXBuildFile section */
		D6BB63AA2B854B530008752F /* AppDelegate.swift in Sources */ = {isa = PBXBuildFile; fileRef = D6BB63A92B854B530008752F /* AppDelegate.swift */; };
		D6BB63AC2B854B530008752F /* SceneDelegate.swift in Sources */ = {isa = PBXBuildFile; fileRef = D6BB63AB2B854B530008752F /* SceneDelegate.swift */; };
		D6BB63B12B854B530008752F /* Main.storyboard in Resources */ = {isa = PBXBuildFile; fileRef = D6BB63AF2B854B530008752F /* Main.storyboard */; };
		D6BB63B32B854B540008752F /* Assets.xcassets in Resources */ = {isa = PBXBuildFile; fileRef = D6BB63B22B854B540008752F /* Assets.xcassets */; };
		D6BB63B62B854B540008752F /* LaunchScreen.storyboard in Resources */ = {isa = PBXBuildFile; fileRef = D6BB63B42B854B540008752F /* LaunchScreen.storyboard */; };
		D6BB63C02B854D5E0008752F /* TabBarView.swift in Sources */ = {isa = PBXBuildFile; fileRef = D6BB63BF2B854D5E0008752F /* TabBarView.swift */; };
		D6BB63C32B8625700008752F /* TabBarType.swift in Sources */ = {isa = PBXBuildFile; fileRef = D6BB63C22B8625700008752F /* TabBarType.swift */; };
		D6BB63C52B8628790008752F /* TabBarViewModel.swift in Sources */ = {isa = PBXBuildFile; fileRef = D6BB63C42B8628790008752F /* TabBarViewModel.swift */; };
		D6BB63C72B86294E0008752F /* TabBar.swift in Sources */ = {isa = PBXBuildFile; fileRef = D6BB63C62B86294E0008752F /* TabBar.swift */; };
		D6BB63CD2B862A820008752F /* MakeConstraints in Frameworks */ = {isa = PBXBuildFile; productRef = D6BB63CC2B862A820008752F /* MakeConstraints */; };
		D6BB63CF2B862B350008752F /* TabBarItem.swift in Sources */ = {isa = PBXBuildFile; fileRef = D6BB63CE2B862B350008752F /* TabBarItem.swift */; };
		EEF77ECD2B8635D8005E228A /* TabBarViewController.swift in Sources */ = {isa = PBXBuildFile; fileRef = EEF77ECC2B8635D8005E228A /* TabBarViewController.swift */; };
		EEF77ED02B863685005E228A /* ViewController.swift in Sources */ = {isa = PBXBuildFile; fileRef = EEF77ECE2B863685005E228A /* ViewController.swift */; };
		EEF77ED12B863685005E228A /* ViewController.xib in Resources */ = {isa = PBXBuildFile; fileRef = EEF77ECF2B863685005E228A /* ViewController.xib */; };
/* End PBXBuildFile section */

/* Begin PBXFileReference section */
		D6BB63A62B854B530008752F /* CustomTabBar.app */ = {isa = PBXFileReference; explicitFileType = wrapper.application; includeInIndex = 0; path = CustomTabBar.app; sourceTree = BUILT_PRODUCTS_DIR; };
		D6BB63A92B854B530008752F /* AppDelegate.swift */ = {isa = PBXFileReference; lastKnownFileType = sourcecode.swift; path = AppDelegate.swift; sourceTree = "<group>"; };
		D6BB63AB2B854B530008752F /* SceneDelegate.swift */ = {isa = PBXFileReference; lastKnownFileType = sourcecode.swift; path = SceneDelegate.swift; sourceTree = "<group>"; };
		D6BB63B02B854B530008752F /* Base */ = {isa = PBXFileReference; lastKnownFileType = file.storyboard; name = Base; path = Base.lproj/Main.storyboard; sourceTree = "<group>"; };
		D6BB63B22B854B540008752F /* Assets.xcassets */ = {isa = PBXFileReference; lastKnownFileType = folder.assetcatalog; path = Assets.xcassets; sourceTree = "<group>"; };
		D6BB63B52B854B540008752F /* Base */ = {isa = PBXFileReference; lastKnownFileType = file.storyboard; name = Base; path = Base.lproj/LaunchScreen.storyboard; sourceTree = "<group>"; };
		D6BB63B72B854B540008752F /* Info.plist */ = {isa = PBXFileReference; lastKnownFileType = text.plist.xml; path = Info.plist; sourceTree = "<group>"; };
		D6BB63BF2B854D5E0008752F /* TabBarView.swift */ = {isa = PBXFileReference; lastKnownFileType = sourcecode.swift; path = TabBarView.swift; sourceTree = "<group>"; };
		D6BB63C22B8625700008752F /* TabBarType.swift */ = {isa = PBXFileReference; lastKnownFileType = sourcecode.swift; path = TabBarType.swift; sourceTree = "<group>"; };
		D6BB63C42B8628790008752F /* TabBarViewModel.swift */ = {isa = PBXFileReference; lastKnownFileType = sourcecode.swift; path = TabBarViewModel.swift; sourceTree = "<group>"; };
		D6BB63C62B86294E0008752F /* TabBar.swift */ = {isa = PBXFileReference; lastKnownFileType = sourcecode.swift; path = TabBar.swift; sourceTree = "<group>"; };
		D6BB63CE2B862B350008752F /* TabBarItem.swift */ = {isa = PBXFileReference; lastKnownFileType = sourcecode.swift; path = TabBarItem.swift; sourceTree = "<group>"; };
		EEF77ECC2B8635D8005E228A /* TabBarViewController.swift */ = {isa = PBXFileReference; lastKnownFileType = sourcecode.swift; path = TabBarViewController.swift; sourceTree = "<group>"; };
		EEF77ECE2B863685005E228A /* ViewController.swift */ = {isa = PBXFileReference; lastKnownFileType = sourcecode.swift; path = ViewController.swift; sourceTree = "<group>"; };
		EEF77ECF2B863685005E228A /* ViewController.xib */ = {isa = PBXFileReference; lastKnownFileType = file.xib; path = ViewController.xib; sourceTree = "<group>"; };
/* End PBXFileReference section */

/* Begin PBXFrameworksBuildPhase section */
		D6BB63A32B854B530008752F /* Frameworks */ = {
			isa = PBXFrameworksBuildPhase;
			buildActionMask = 2147483647;
			files = (
				D6BB63CD2B862A820008752F /* MakeConstraints in Frameworks */,
			);
			runOnlyForDeploymentPostprocessing = 0;
		};
/* End PBXFrameworksBuildPhase section */

/* Begin PBXGroup section */
		D6BB639D2B854B530008752F = {
			isa = PBXGroup;
			children = (
				D6BB63A82B854B530008752F /* CustomTabBar */,
				D6BB63A72B854B530008752F /* Products */,
			);
			sourceTree = "<group>";
		};
		D6BB63A72B854B530008752F /* Products */ = {
			isa = PBXGroup;
			children = (
				D6BB63A62B854B530008752F /* CustomTabBar.app */,
			);
			name = Products;
			sourceTree = "<group>";
		};
		D6BB63A82B854B530008752F /* CustomTabBar */ = {
			isa = PBXGroup;
			children = (
				D6BB63C12B8625530008752F /* TabbarController */,
				D6BB63A92B854B530008752F /* AppDelegate.swift */,
				D6BB63AB2B854B530008752F /* SceneDelegate.swift */,
				D6BB63AF2B854B530008752F /* Main.storyboard */,
				D6BB63B22B854B540008752F /* Assets.xcassets */,
				D6BB63B42B854B540008752F /* LaunchScreen.storyboard */,
				D6BB63B72B854B540008752F /* Info.plist */,
				EEF77ECE2B863685005E228A /* ViewController.swift */,
				EEF77ECF2B863685005E228A /* ViewController.xib */,
			);
			path = CustomTabBar;
			sourceTree = "<group>";
		};
		D6BB63C12B8625530008752F /* TabbarController */ = {
			isa = PBXGroup;
			children = (
				D6BB63C22B8625700008752F /* TabBarType.swift */,
				D6BB63C42B8628790008752F /* TabBarViewModel.swift */,
				D6BB63C62B86294E0008752F /* TabBar.swift */,
				D6BB63CE2B862B350008752F /* TabBarItem.swift */,
				D6BB63BF2B854D5E0008752F /* TabBarView.swift */,
				EEF77ECC2B8635D8005E228A /* TabBarViewController.swift */,
			);
			path = TabbarController;
			sourceTree = "<group>";
		};
/* End PBXGroup section */

/* Begin PBXNativeTarget section */
		D6BB63A52B854B530008752F /* CustomTabBar */ = {
			isa = PBXNativeTarget;
			buildConfigurationList = D6BB63BA2B854B540008752F /* Build configuration list for PBXNativeTarget "CustomTabBar" */;
			buildPhases = (
				D6BB63A22B854B530008752F /* Sources */,
				D6BB63A32B854B530008752F /* Frameworks */,
				D6BB63A42B854B530008752F /* Resources */,
			);
			buildRules = (
			);
			dependencies = (
			);
			name = CustomTabBar;
			packageProductDependencies = (
				D6BB63CC2B862A820008752F /* MakeConstraints */,
			);
			productName = CustomTabBar;
			productReference = D6BB63A62B854B530008752F /* CustomTabBar.app */;
			productType = "com.apple.product-type.application";
		};
/* End PBXNativeTarget section */

/* Begin PBXProject section */
		D6BB639E2B854B530008752F /* Project object */ = {
			isa = PBXProject;
			attributes = {
				BuildIndependentTargetsInParallel = 1;
				LastSwiftUpdateCheck = 1500;
				LastUpgradeCheck = 1500;
				TargetAttributes = {
					D6BB63A52B854B530008752F = {
						CreatedOnToolsVersion = 15.0.1;
					};
				};
			};
			buildConfigurationList = D6BB63A12B854B530008752F /* Build configuration list for PBXProject "CustomTabBar" */;
			compatibilityVersion = "Xcode 14.0";
			developmentRegion = en;
			hasScannedForEncodings = 0;
			knownRegions = (
				en,
				Base,
			);
			mainGroup = D6BB639D2B854B530008752F;
			packageReferences = (
				D6BB63CB2B862A820008752F /* XCRemoteSwiftPackageReference "MakeConstraints" */,
			);
			productRefGroup = D6BB63A72B854B530008752F /* Products */;
			projectDirPath = "";
			projectRoot = "";
			targets = (
				D6BB63A52B854B530008752F /* CustomTabBar */,
			);
		};
/* End PBXProject section */

/* Begin PBXResourcesBuildPhase section */
		D6BB63A42B854B530008752F /* Resources */ = {
			isa = PBXResourcesBuildPhase;
			buildActionMask = 2147483647;
			files = (
				D6BB63B62B854B540008752F /* LaunchScreen.storyboard in Resources */,
				D6BB63B32B854B540008752F /* Assets.xcassets in Resources */,
				EEF77ED12B863685005E228A /* ViewController.xib in Resources */,
				D6BB63B12B854B530008752F /* Main.storyboard in Resources */,
			);
			runOnlyForDeploymentPostprocessing = 0;
		};
/* End PBXResourcesBuildPhase section */

/* Begin PBXSourcesBuildPhase section */
		D6BB63A22B854B530008752F /* Sources */ = {
			isa = PBXSourcesBuildPhase;
			buildActionMask = 2147483647;
			files = (
				D6BB63AA2B854B530008752F /* AppDelegate.swift in Sources */,
				D6BB63CF2B862B350008752F /* TabBarItem.swift in Sources */,
				D6BB63C72B86294E0008752F /* TabBar.swift in Sources */,
				EEF77ED02B863685005E228A /* ViewController.swift in Sources */,
				D6BB63C32B8625700008752F /* TabBarType.swift in Sources */,
				D6BB63C02B854D5E0008752F /* TabBarView.swift in Sources */,
				D6BB63C52B8628790008752F /* TabBarViewModel.swift in Sources */,
				EEF77ECD2B8635D8005E228A /* TabBarViewController.swift in Sources */,
				D6BB63AC2B854B530008752F /* SceneDelegate.swift in Sources */,
			);
			runOnlyForDeploymentPostprocessing = 0;
		};
/* End PBXSourcesBuildPhase section */

/* Begin PBXVariantGroup section */
		D6BB63AF2B854B530008752F /* Main.storyboard */ = {
			isa = PBXVariantGroup;
			children = (
				D6BB63B02B854B530008752F /* Base */,
			);
			name = Main.storyboard;
			sourceTree = "<group>";
		};
		D6BB63B42B854B540008752F /* LaunchScreen.storyboard */ = {
			isa = PBXVariantGroup;
			children = (
				D6BB63B52B854B540008752F /* Base */,
			);
			name = LaunchScreen.storyboard;
			sourceTree = "<group>";
		};
/* End PBXVariantGroup section */

/* Begin XCBuildConfiguration section */
		D6BB63B82B854B540008752F /* Debug */ = {
			isa = XCBuildConfiguration;
			buildSettings = {
				ALWAYS_SEARCH_USER_PATHS = NO;
				ASSETCATALOG_COMPILER_GENERATE_SWIFT_ASSET_SYMBOL_EXTENSIONS = YES;
				CLANG_ANALYZER_NONNULL = YES;
				CLANG_ANALYZER_NUMBER_OBJECT_CONVERSION = YES_AGGRESSIVE;
				CLANG_CXX_LANGUAGE_STANDARD = "gnu++20";
				CLANG_ENABLE_MODULES = YES;
				CLANG_ENABLE_OBJC_ARC = YES;
				CLANG_ENABLE_OBJC_WEAK = YES;
				CLANG_WARN_BLOCK_CAPTURE_AUTORELEASING = YES;
				CLANG_WARN_BOOL_CONVERSION = YES;
				CLANG_WARN_COMMA = YES;
				CLANG_WARN_CONSTANT_CONVERSION = YES;
				CLANG_WARN_DEPRECATED_OBJC_IMPLEMENTATIONS = YES;
				CLANG_WARN_DIRECT_OBJC_ISA_USAGE = YES_ERROR;
				CLANG_WARN_DOCUMENTATION_COMMENTS = YES;
				CLANG_WARN_EMPTY_BODY = YES;
				CLANG_WARN_ENUM_CONVERSION = YES;
				CLANG_WARN_INFINITE_RECURSION = YES;
				CLANG_WARN_INT_CONVERSION = YES;
				CLANG_WARN_NON_LITERAL_NULL_CONVERSION = YES;
				CLANG_WARN_OBJC_IMPLICIT_RETAIN_SELF = YES;
				CLANG_WARN_OBJC_LITERAL_CONVERSION = YES;
				CLANG_WARN_OBJC_ROOT_CLASS = YES_ERROR;
				CLANG_WARN_QUOTED_INCLUDE_IN_FRAMEWORK_HEADER = YES;
				CLANG_WARN_RANGE_LOOP_ANALYSIS = YES;
				CLANG_WARN_STRICT_PROTOTYPES = YES;
				CLANG_WARN_SUSPICIOUS_MOVE = YES;
				CLANG_WARN_UNGUARDED_AVAILABILITY = YES_AGGRESSIVE;
				CLANG_WARN_UNREACHABLE_CODE = YES;
				CLANG_WARN__DUPLICATE_METHOD_MATCH = YES;
				COPY_PHASE_STRIP = NO;
				DEBUG_INFORMATION_FORMAT = dwarf;
				ENABLE_STRICT_OBJC_MSGSEND = YES;
				ENABLE_TESTABILITY = YES;
				ENABLE_USER_SCRIPT_SANDBOXING = YES;
				GCC_C_LANGUAGE_STANDARD = gnu17;
				GCC_DYNAMIC_NO_PIC = NO;
				GCC_NO_COMMON_BLOCKS = YES;
				GCC_OPTIMIZATION_LEVEL = 0;
				GCC_PREPROCESSOR_DEFINITIONS = (
					"DEBUG=1",
					"$(inherited)",
				);
				GCC_WARN_64_TO_32_BIT_CONVERSION = YES;
				GCC_WARN_ABOUT_RETURN_TYPE = YES_ERROR;
				GCC_WARN_UNDECLARED_SELECTOR = YES;
				GCC_WARN_UNINITIALIZED_AUTOS = YES_AGGRESSIVE;
				GCC_WARN_UNUSED_FUNCTION = YES;
				GCC_WARN_UNUSED_VARIABLE = YES;
				IPHONEOS_DEPLOYMENT_TARGET = 17.0;
				LOCALIZATION_PREFERS_STRING_CATALOGS = YES;
				MTL_ENABLE_DEBUG_INFO = INCLUDE_SOURCE;
				MTL_FAST_MATH = YES;
				ONLY_ACTIVE_ARCH = YES;
				SDKROOT = iphoneos;
				SWIFT_ACTIVE_COMPILATION_CONDITIONS = "DEBUG $(inherited)";
				SWIFT_OPTIMIZATION_LEVEL = "-Onone";
			};
			name = Debug;
		};
		D6BB63B92B854B540008752F /* Release */ = {
			isa = XCBuildConfiguration;
			buildSettings = {
				ALWAYS_SEARCH_USER_PATHS = NO;
				ASSETCATALOG_COMPILER_GENERATE_SWIFT_ASSET_SYMBOL_EXTENSIONS = YES;
				CLANG_ANALYZER_NONNULL = YES;
				CLANG_ANALYZER_NUMBER_OBJECT_CONVERSION = YES_AGGRESSIVE;
				CLANG_CXX_LANGUAGE_STANDARD = "gnu++20";
				CLANG_ENABLE_MODULES = YES;
				CLANG_ENABLE_OBJC_ARC = YES;
				CLANG_ENABLE_OBJC_WEAK = YES;
				CLANG_WARN_BLOCK_CAPTURE_AUTORELEASING = YES;
				CLANG_WARN_BOOL_CONVERSION = YES;
				CLANG_WARN_COMMA = YES;
				CLANG_WARN_CONSTANT_CONVERSION = YES;
				CLANG_WARN_DEPRECATED_OBJC_IMPLEMENTATIONS = YES;
				CLANG_WARN_DIRECT_OBJC_ISA_USAGE = YES_ERROR;
				CLANG_WARN_DOCUMENTATION_COMMENTS = YES;
				CLANG_WARN_EMPTY_BODY = YES;
				CLANG_WARN_ENUM_CONVERSION = YES;
				CLANG_WARN_INFINITE_RECURSION = YES;
				CLANG_WARN_INT_CONVERSION = YES;
				CLANG_WARN_NON_LITERAL_NULL_CONVERSION = YES;
				CLANG_WARN_OBJC_IMPLICIT_RETAIN_SELF = YES;
				CLANG_WARN_OBJC_LITERAL_CONVERSION = YES;
				CLANG_WARN_OBJC_ROOT_CLASS = YES_ERROR;
				CLANG_WARN_QUOTED_INCLUDE_IN_FRAMEWORK_HEADER = YES;
				CLANG_WARN_RANGE_LOOP_ANALYSIS = YES;
				CLANG_WARN_STRICT_PROTOTYPES = YES;
				CLANG_WARN_SUSPICIOUS_MOVE = YES;
				CLANG_WARN_UNGUARDED_AVAILABILITY = YES_AGGRESSIVE;
				CLANG_WARN_UNREACHABLE_CODE = YES;
				CLANG_WARN__DUPLICATE_METHOD_MATCH = YES;
				COPY_PHASE_STRIP = NO;
				DEBUG_INFORMATION_FORMAT = "dwarf-with-dsym";
				ENABLE_NS_ASSERTIONS = NO;
				ENABLE_STRICT_OBJC_MSGSEND = YES;
				ENABLE_USER_SCRIPT_SANDBOXING = YES;
				GCC_C_LANGUAGE_STANDARD = gnu17;
				GCC_NO_COMMON_BLOCKS = YES;
				GCC_WARN_64_TO_32_BIT_CONVERSION = YES;
				GCC_WARN_ABOUT_RETURN_TYPE = YES_ERROR;
				GCC_WARN_UNDECLARED_SELECTOR = YES;
				GCC_WARN_UNINITIALIZED_AUTOS = YES_AGGRESSIVE;
				GCC_WARN_UNUSED_FUNCTION = YES;
				GCC_WARN_UNUSED_VARIABLE = YES;
				IPHONEOS_DEPLOYMENT_TARGET = 17.0;
				LOCALIZATION_PREFERS_STRING_CATALOGS = YES;
				MTL_ENABLE_DEBUG_INFO = NO;
				MTL_FAST_MATH = YES;
				SDKROOT = iphoneos;
				SWIFT_COMPILATION_MODE = wholemodule;
				VALIDATE_PRODUCT = YES;
			};
			name = Release;
		};
		D6BB63BB2B854B540008752F /* Debug */ = {
			isa = XCBuildConfiguration;
			buildSettings = {
				ASSETCATALOG_COMPILER_APPICON_NAME = AppIcon;
				ASSETCATALOG_COMPILER_GLOBAL_ACCENT_COLOR_NAME = AccentColor;
				CODE_SIGN_STYLE = Automatic;
				CURRENT_PROJECT_VERSION = 1;
				DEVELOPMENT_TEAM = Z9VC2L39AT;
				GENERATE_INFOPLIST_FILE = YES;
				INFOPLIST_FILE = CustomTabBar/Info.plist;
				INFOPLIST_KEY_UIApplicationSupportsIndirectInputEvents = YES;
				INFOPLIST_KEY_UILaunchStoryboardName = LaunchScreen;
				INFOPLIST_KEY_UIMainStoryboardFile = Main;
				INFOPLIST_KEY_UISupportedInterfaceOrientations_iPad = "UIInterfaceOrientationPortrait UIInterfaceOrientationPortraitUpsideDown UIInterfaceOrientationLandscapeLeft UIInterfaceOrientationLandscapeRight";
				INFOPLIST_KEY_UISupportedInterfaceOrientations_iPhone = "UIInterfaceOrientationPortrait UIInterfaceOrientationLandscapeLeft UIInterfaceOrientationLandscapeRight";
				IPHONEOS_DEPLOYMENT_TARGET = 16.0;
				LD_RUNPATH_SEARCH_PATHS = (
					"$(inherited)",
					"@executable_path/Frameworks",
				);
				MARKETING_VERSION = 1.0;
				PRODUCT_BUNDLE_IDENTIFIER = co.thenasserr.CustomTabBar;
				PRODUCT_NAME = "$(TARGET_NAME)";
				SWIFT_EMIT_LOC_STRINGS = YES;
				SWIFT_VERSION = 5.0;
				TARGETED_DEVICE_FAMILY = "1,2";
			};
			name = Debug;
		};
		D6BB63BC2B854B540008752F /* Release */ = {
			isa = XCBuildConfiguration;
			buildSettings = {
				ASSETCATALOG_COMPILER_APPICON_NAME = AppIcon;
				ASSETCATALOG_COMPILER_GLOBAL_ACCENT_COLOR_NAME = AccentColor;
				CODE_SIGN_STYLE = Automatic;
				CURRENT_PROJECT_VERSION = 1;
				DEVELOPMENT_TEAM = Z9VC2L39AT;
				GENERATE_INFOPLIST_FILE = YES;
				INFOPLIST_FILE = CustomTabBar/Info.plist;
				INFOPLIST_KEY_UIApplicationSupportsIndirectInputEvents = YES;
				INFOPLIST_KEY_UILaunchStoryboardName = LaunchScreen;
				INFOPLIST_KEY_UIMainStoryboardFile = Main;
				INFOPLIST_KEY_UISupportedInterfaceOrientations_iPad = "UIInterfaceOrientationPortrait UIInterfaceOrientationPortraitUpsideDown UIInterfaceOrientationLandscapeLeft UIInterfaceOrientationLandscapeRight";
				INFOPLIST_KEY_UISupportedInterfaceOrientations_iPhone = "UIInterfaceOrientationPortrait UIInterfaceOrientationLandscapeLeft UIInterfaceOrientationLandscapeRight";
				IPHONEOS_DEPLOYMENT_TARGET = 16.0;
				LD_RUNPATH_SEARCH_PATHS = (
					"$(inherited)",
					"@executable_path/Frameworks",
				);
				MARKETING_VERSION = 1.0;
				PRODUCT_BUNDLE_IDENTIFIER = co.thenasserr.CustomTabBar;
				PRODUCT_NAME = "$(TARGET_NAME)";
				SWIFT_EMIT_LOC_STRINGS = YES;
				SWIFT_VERSION = 5.0;
				TARGETED_DEVICE_FAMILY = "1,2";
			};
			name = Release;
		};
/* End XCBuildConfiguration section */

/* Begin XCConfigurationList section */
		D6BB63A12B854B530008752F /* Build configuration list for PBXProject "CustomTabBar" */ = {
			isa = XCConfigurationList;
			buildConfigurations = (
				D6BB63B82B854B540008752F /* Debug */,
				D6BB63B92B854B540008752F /* Release */,
			);
			defaultConfigurationIsVisible = 0;
			defaultConfigurationName = Release;
		};
		D6BB63BA2B854B540008752F /* Build configuration list for PBXNativeTarget "CustomTabBar" */ = {
			isa = XCConfigurationList;
			buildConfigurations = (
				D6BB63BB2B854B540008752F /* Debug */,
				D6BB63BC2B854B540008752F /* Release */,
			);
			defaultConfigurationIsVisible = 0;
			defaultConfigurationName = Release;
		};
/* End XCConfigurationList section */

/* Begin XCRemoteSwiftPackageReference section */
		D6BB63CB2B862A820008752F /* XCRemoteSwiftPackageReference "MakeConstraints" */ = {
			isa = XCRemoteSwiftPackageReference;
			repositoryURL = "https://github.com/ahmed-yamany/MakeConstraints";
			requirement = {
				branch = main;
				kind = branch;
			};
		};
/* End XCRemoteSwiftPackageReference section */

/* Begin XCSwiftPackageProductDependency section */
		D6BB63CC2B862A820008752F /* MakeConstraints */ = {
			isa = XCSwiftPackageProductDependency;
			package = D6BB63CB2B862A820008752F /* XCRemoteSwiftPackageReference "MakeConstraints" */;
			productName = MakeConstraints;
		};
/* End XCSwiftPackageProductDependency section */
	};
	rootObject = D6BB639E2B854B530008752F /* Project object */;
}
